// !$*UTF8*$!
{
	archiveVersion = 1;
	classes = {
	};
	objectVersion = 50;
	objects = {

/* Begin PBXBuildFile section */
		C8375CB725A09FE20035F28F /* delete.png in Resources */ = {isa = PBXBuildFile; fileRef = C8375CB225A09FE00035F28F /* delete.png */; };
		C8375CB825A09FE20035F28F /* create.png in Resources */ = {isa = PBXBuildFile; fileRef = C8375CB325A09FE00035F28F /* create.png */; };
		C8375CB925A09FE20035F28F /* items.png in Resources */ = {isa = PBXBuildFile; fileRef = C8375CB425A09FE00035F28F /* items.png */; };
		C8375CBA25A09FE20035F28F /* categories.png in Resources */ = {isa = PBXBuildFile; fileRef = C8375CB525A09FE10035F28F /* categories.png */; };
		C8375CBB25A09FE20035F28F /* search.png in Resources */ = {isa = PBXBuildFile; fileRef = C8375CB625A09FE10035F28F /* search.png */; };
		C8591E822597737800B9A841 /* AppDelegate.swift in Sources */ = {isa = PBXBuildFile; fileRef = C8591E812597737800B9A841 /* AppDelegate.swift */; };
		C8591E842597737800B9A841 /* SceneDelegate.swift in Sources */ = {isa = PBXBuildFile; fileRef = C8591E832597737800B9A841 /* SceneDelegate.swift */; };
		C8591E862597737800B9A841 /* ToDoListViewController.swift in Sources */ = {isa = PBXBuildFile; fileRef = C8591E852597737800B9A841 /* ToDoListViewController.swift */; };
		C8591E892597737800B9A841 /* Main.storyboard in Resources */ = {isa = PBXBuildFile; fileRef = C8591E872597737800B9A841 /* Main.storyboard */; };
		C8591E8C2597737800B9A841 /* Todoey.xcdatamodeld in Sources */ = {isa = PBXBuildFile; fileRef = C8591E8A2597737800B9A841 /* Todoey.xcdatamodeld */; };
		C8591E8E2597737B00B9A841 /* Assets.xcassets in Resources */ = {isa = PBXBuildFile; fileRef = C8591E8D2597737B00B9A841 /* Assets.xcassets */; };
		C8591E912597737B00B9A841 /* LaunchScreen.storyboard in Resources */ = {isa = PBXBuildFile; fileRef = C8591E8F2597737B00B9A841 /* LaunchScreen.storyboard */; };
		C8CFDADC2598C95C000C3C5E /* DataModel.xcdatamodeld in Sources */ = {isa = PBXBuildFile; fileRef = C8CFDADA2598C95C000C3C5E /* DataModel.xcdatamodeld */; };
		C8CFDAE02598FD3F000C3C5E /* CategoryViewController.swift in Sources */ = {isa = PBXBuildFile; fileRef = C8CFDADF2598FD3F000C3C5E /* CategoryViewController.swift */; };
/* End PBXBuildFile section */

/* Begin PBXFileReference section */
		C8375CB225A09FE00035F28F /* delete.png */ = {isa = PBXFileReference; lastKnownFileType = image.png; path = delete.png; sourceTree = "<group>"; };
		C8375CB325A09FE00035F28F /* create.png */ = {isa = PBXFileReference; lastKnownFileType = image.png; path = create.png; sourceTree = "<group>"; };
		C8375CB425A09FE00035F28F /* items.png */ = {isa = PBXFileReference; lastKnownFileType = image.png; path = items.png; sourceTree = "<group>"; };
		C8375CB525A09FE10035F28F /* categories.png */ = {isa = PBXFileReference; lastKnownFileType = image.png; path = categories.png; sourceTree = "<group>"; };
		C8375CB625A09FE10035F28F /* search.png */ = {isa = PBXFileReference; lastKnownFileType = image.png; path = search.png; sourceTree = "<group>"; };
		C8591E7E2597737800B9A841 /* Todoey.app */ = {isa = PBXFileReference; explicitFileType = wrapper.application; includeInIndex = 0; path = Todoey.app; sourceTree = BUILT_PRODUCTS_DIR; };
		C8591E812597737800B9A841 /* AppDelegate.swift */ = {isa = PBXFileReference; lastKnownFileType = sourcecode.swift; path = AppDelegate.swift; sourceTree = "<group>"; };
		C8591E832597737800B9A841 /* SceneDelegate.swift */ = {isa = PBXFileReference; lastKnownFileType = sourcecode.swift; path = SceneDelegate.swift; sourceTree = "<group>"; };
		C8591E852597737800B9A841 /* ToDoListViewController.swift */ = {isa = PBXFileReference; lastKnownFileType = sourcecode.swift; path = ToDoListViewController.swift; sourceTree = "<group>"; };
		C8591E882597737800B9A841 /* Base */ = {isa = PBXFileReference; lastKnownFileType = file.storyboard; name = Base; path = Base.lproj/Main.storyboard; sourceTree = "<group>"; };
		C8591E8B2597737800B9A841 /* Todoey.xcdatamodel */ = {isa = PBXFileReference; lastKnownFileType = wrapper.xcdatamodel; path = Todoey.xcdatamodel; sourceTree = "<group>"; };
		C8591E8D2597737B00B9A841 /* Assets.xcassets */ = {isa = PBXFileReference; lastKnownFileType = folder.assetcatalog; path = Assets.xcassets; sourceTree = "<group>"; };
		C8591E902597737B00B9A841 /* Base */ = {isa = PBXFileReference; lastKnownFileType = file.storyboard; name = Base; path = Base.lproj/LaunchScreen.storyboard; sourceTree = "<group>"; };
		C8591E922597737B00B9A841 /* Info.plist */ = {isa = PBXFileReference; lastKnownFileType = text.plist.xml; path = Info.plist; sourceTree = "<group>"; };
		C8CFDADB2598C95C000C3C5E /* DataModel.xcdatamodel */ = {isa = PBXFileReference; lastKnownFileType = wrapper.xcdatamodel; path = DataModel.xcdatamodel; sourceTree = "<group>"; };
		C8CFDADF2598FD3F000C3C5E /* CategoryViewController.swift */ = {isa = PBXFileReference; lastKnownFileType = sourcecode.swift; name = CategoryViewController.swift; path = Todoey/Controllers/CategoryViewController.swift; sourceTree = SOURCE_ROOT; };
/* End PBXFileReference section */

/* Begin PBXFrameworksBuildPhase section */
		C8591E7B2597737800B9A841 /* Frameworks */ = {
			isa = PBXFrameworksBuildPhase;
			buildActionMask = 2147483647;
			files = (
			);
			runOnlyForDeploymentPostprocessing = 0;
		};
/* End PBXFrameworksBuildPhase section */

/* Begin PBXGroup section */
		C8375CB125A09FBF0035F28F /* Presentation */ = {
			isa = PBXGroup;
			children = (
				C8375CB525A09FE10035F28F /* categories.png */,
				C8375CB325A09FE00035F28F /* create.png */,
				C8375CB225A09FE00035F28F /* delete.png */,
				C8375CB425A09FE00035F28F /* items.png */,
				C8375CB625A09FE10035F28F /* search.png */,
			);
			path = Presentation;
			sourceTree = "<group>";
		};
		C8591E752597737800B9A841 = {
			isa = PBXGroup;
			children = (
				C8375CB125A09FBF0035F28F /* Presentation */,
				C8591E802597737800B9A841 /* Todoey */,
				C8591E7F2597737800B9A841 /* Products */,
			);
			sourceTree = "<group>";
		};
		C8591E7F2597737800B9A841 /* Products */ = {
			isa = PBXGroup;
			children = (
				C8591E7E2597737800B9A841 /* Todoey.app */,
			);
			name = Products;
			sourceTree = "<group>";
		};
		C8591E802597737800B9A841 /* Todoey */ = {
			isa = PBXGroup;
			children = (
				C8591E9F2597B0D900B9A841 /* Views */,
				C8591E9E2597B0CB00B9A841 /* Controllers */,
				C8591E9D2597B09D00B9A841 /* Data Model */,
				C8591E812597737800B9A841 /* AppDelegate.swift */,
				C8591E832597737800B9A841 /* SceneDelegate.swift */,
				C8591E8D2597737B00B9A841 /* Assets.xcassets */,
				C8591E8F2597737B00B9A841 /* LaunchScreen.storyboard */,
				C8591E922597737B00B9A841 /* Info.plist */,
				C8591E8A2597737800B9A841 /* Todoey.xcdatamodeld */,
			);
			path = Todoey;
			sourceTree = "<group>";
		};
		C8591E9D2597B09D00B9A841 /* Data Model */ = {
			isa = PBXGroup;
			children = (
				C8CFDADA2598C95C000C3C5E /* DataModel.xcdatamodeld */,
			);
			path = "Data Model";
			sourceTree = "<group>";
		};
		C8591E9E2597B0CB00B9A841 /* Controllers */ = {
			isa = PBXGroup;
			children = (
				C8CFDADF2598FD3F000C3C5E /* CategoryViewController.swift */,
				C8591E852597737800B9A841 /* ToDoListViewController.swift */,
			);
			path = Controllers;
			sourceTree = "<group>";
		};
		C8591E9F2597B0D900B9A841 /* Views */ = {
			isa = PBXGroup;
			children = (
				C8591E872597737800B9A841 /* Main.storyboard */,
			);
			path = Views;
			sourceTree = "<group>";
		};
/* End PBXGroup section */

/* Begin PBXNativeTarget section */
		C8591E7D2597737800B9A841 /* Todoey */ = {
			isa = PBXNativeTarget;
			buildConfigurationList = C8591E952597737B00B9A841 /* Build configuration list for PBXNativeTarget "Todoey" */;
			buildPhases = (
				C8591E7A2597737800B9A841 /* Sources */,
				C8591E7B2597737800B9A841 /* Frameworks */,
				C8591E7C2597737800B9A841 /* Resources */,
			);
			buildRules = (
			);
			dependencies = (
			);
			name = Todoey;
			productName = Todoey;
			productReference = C8591E7E2597737800B9A841 /* Todoey.app */;
			productType = "com.apple.product-type.application";
		};
/* End PBXNativeTarget section */

/* Begin PBXProject section */
		C8591E762597737800B9A841 /* Project object */ = {
			isa = PBXProject;
			attributes = {
				LastSwiftUpdateCheck = 1220;
				LastUpgradeCheck = 1220;
				TargetAttributes = {
					C8591E7D2597737800B9A841 = {
						CreatedOnToolsVersion = 12.2;
					};
				};
			};
			buildConfigurationList = C8591E792597737800B9A841 /* Build configuration list for PBXProject "Todoey" */;
			compatibilityVersion = "Xcode 9.3";
			developmentRegion = en;
			hasScannedForEncodings = 0;
			knownRegions = (
				en,
				Base,
			);
			mainGroup = C8591E752597737800B9A841;
			productRefGroup = C8591E7F2597737800B9A841 /* Products */;
			projectDirPath = "";
			projectRoot = "";
			targets = (
				C8591E7D2597737800B9A841 /* Todoey */,
			);
		};
/* End PBXProject section */

/* Begin PBXResourcesBuildPhase section */
		C8591E7C2597737800B9A841 /* Resources */ = {
			isa = PBXResourcesBuildPhase;
			buildActionMask = 2147483647;
			files = (
				C8375CB725A09FE20035F28F /* delete.png in Resources */,
				C8375CB825A09FE20035F28F /* create.png in Resources */,
				C8375CB925A09FE20035F28F /* items.png in Resources */,
				C8375CBB25A09FE20035F28F /* search.png in Resources */,
				C8591E912597737B00B9A841 /* LaunchScreen.storyboard in Resources */,
				C8591E8E2597737B00B9A841 /* Assets.xcassets in Resources */,
				C8375CBA25A09FE20035F28F /* categories.png in Resources */,
				C8591E892597737800B9A841 /* Main.storyboard in Resources */,
			);
			runOnlyForDeploymentPostprocessing = 0;
		};
/* End PBXResourcesBuildPhase section */

/* Begin PBXSourcesBuildPhase section */
		C8591E7A2597737800B9A841 /* Sources */ = {
			isa = PBXSourcesBuildPhase;
			buildActionMask = 2147483647;
			files = (
				C8591E862597737800B9A841 /* ToDoListViewController.swift in Sources */,
				C8591E822597737800B9A841 /* AppDelegate.swift in Sources */,
				C8CFDADC2598C95C000C3C5E /* DataModel.xcdatamodeld in Sources */,
				C8591E842597737800B9A841 /* SceneDelegate.swift in Sources */,
				C8CFDAE02598FD3F000C3C5E /* CategoryViewController.swift in Sources */,
				C8591E8C2597737800B9A841 /* Todoey.xcdatamodeld in Sources */,
			);
			runOnlyForDeploymentPostprocessing = 0;
		};
/* End PBXSourcesBuildPhase section */

/* Begin PBXVariantGroup section */
		C8591E872597737800B9A841 /* Main.storyboard */ = {
			isa = PBXVariantGroup;
			children = (
				C8591E882597737800B9A841 /* Base */,
			);
			name = Main.storyboard;
			sourceTree = "<group>";
		};
		C8591E8F2597737B00B9A841 /* LaunchScreen.storyboard */ = {
			isa = PBXVariantGroup;
			children = (
				C8591E902597737B00B9A841 /* Base */,
			);
			name = LaunchScreen.storyboard;
			sourceTree = "<group>";
		};
/* End PBXVariantGroup section */

/* Begin XCBuildConfiguration section */
		C8591E932597737B00B9A841 /* Debug */ = {
			isa = XCBuildConfiguration;
			buildSettings = {
				ALWAYS_SEARCH_USER_PATHS = NO;
				CLANG_ANALYZER_NONNULL = YES;
				CLANG_ANALYZER_NUMBER_OBJECT_CONVERSION = YES_AGGRESSIVE;
				CLANG_CXX_LANGUAGE_STANDARD = "gnu++14";
				CLANG_CXX_LIBRARY = "libc++";
				CLANG_ENABLE_MODULES = YES;
				CLANG_ENABLE_OBJC_ARC = YES;
				CLANG_ENABLE_OBJC_WEAK = YES;
				CLANG_WARN_BLOCK_CAPTURE_AUTORELEASING = YES;
				CLANG_WARN_BOOL_CONVERSION = YES;
				CLANG_WARN_COMMA = YES;
				CLANG_WARN_CONSTANT_CONVERSION = YES;
				CLANG_WARN_DEPRECATED_OBJC_IMPLEMENTATIONS = YES;
				CLANG_WARN_DIRECT_OBJC_ISA_USAGE = YES_ERROR;
				CLANG_WARN_DOCUMENTATION_COMMENTS = YES;
				CLANG_WARN_EMPTY_BODY = YES;
				CLANG_WARN_ENUM_CONVERSION = YES;
				CLANG_WARN_INFINITE_RECURSION = YES;
				CLANG_WARN_INT_CONVERSION = YES;
				CLANG_WARN_NON_LITERAL_NULL_CONVERSION = YES;
				CLANG_WARN_OBJC_IMPLICIT_RETAIN_SELF = YES;
				CLANG_WARN_OBJC_LITERAL_CONVERSION = YES;
				CLANG_WARN_OBJC_ROOT_CLASS = YES_ERROR;
				CLANG_WARN_QUOTED_INCLUDE_IN_FRAMEWORK_HEADER = YES;
				CLANG_WARN_RANGE_LOOP_ANALYSIS = YES;
				CLANG_WARN_STRICT_PROTOTYPES = YES;
				CLANG_WARN_SUSPICIOUS_MOVE = YES;
				CLANG_WARN_UNGUARDED_AVAILABILITY = YES_AGGRESSIVE;
				CLANG_WARN_UNREACHABLE_CODE = YES;
				CLANG_WARN__DUPLICATE_METHOD_MATCH = YES;
				COPY_PHASE_STRIP = NO;
				DEBUG_INFORMATION_FORMAT = dwarf;
				ENABLE_STRICT_OBJC_MSGSEND = YES;
				ENABLE_TESTABILITY = YES;
				GCC_C_LANGUAGE_STANDARD = gnu11;
				GCC_DYNAMIC_NO_PIC = NO;
				GCC_NO_COMMON_BLOCKS = YES;
				GCC_OPTIMIZATION_LEVEL = 0;
				GCC_PREPROCESSOR_DEFINITIONS = (
					"DEBUG=1",
					"$(inherited)",
				);
				GCC_WARN_64_TO_32_BIT_CONVERSION = YES;
				GCC_WARN_ABOUT_RETURN_TYPE = YES_ERROR;
				GCC_WARN_UNDECLARED_SELECTOR = YES;
				GCC_WARN_UNINITIALIZED_AUTOS = YES_AGGRESSIVE;
				GCC_WARN_UNUSED_FUNCTION = YES;
				GCC_WARN_UNUSED_VARIABLE = YES;
				IPHONEOS_DEPLOYMENT_TARGET = 14.2;
				MTL_ENABLE_DEBUG_INFO = INCLUDE_SOURCE;
				MTL_FAST_MATH = YES;
				ONLY_ACTIVE_ARCH = YES;
				SDKROOT = iphoneos;
				SWIFT_ACTIVE_COMPILATION_CONDITIONS = DEBUG;
				SWIFT_OPTIMIZATION_LEVEL = "-Onone";
			};
			name = Debug;
		};
		C8591E942597737B00B9A841 /* Release */ = {
			isa = XCBuildConfiguration;
			buildSettings = {
				ALWAYS_SEARCH_USER_PATHS = NO;
				CLANG_ANALYZER_NONNULL = YES;
				CLANG_ANALYZER_NUMBER_OBJECT_CONVERSION = YES_AGGRESSIVE;
				CLANG_CXX_LANGUAGE_STANDARD = "gnu++14";
				CLANG_CXX_LIBRARY = "libc++";
				CLANG_ENABLE_MODULES = YES;
				CLANG_ENABLE_OBJC_ARC = YES;
				CLANG_ENABLE_OBJC_WEAK = YES;
				CLANG_WARN_BLOCK_CAPTURE_AUTORELEASING = YES;
				CLANG_WARN_BOOL_CONVERSION = YES;
				CLANG_WARN_COMMA = YES;
				CLANG_WARN_CONSTANT_CONVERSION = YES;
				CLANG_WARN_DEPRECATED_OBJC_IMPLEMENTATIONS = YES;
				CLANG_WARN_DIRECT_OBJC_ISA_USAGE = YES_ERROR;
				CLANG_WARN_DOCUMENTATION_COMMENTS = YES;
				CLANG_WARN_EMPTY_BODY = YES;
				CLANG_WARN_ENUM_CONVERSION = YES;
				CLANG_WARN_INFINITE_RECURSION = YES;
				CLANG_WARN_INT_CONVERSION = YES;
				CLANG_WARN_NON_LITERAL_NULL_CONVERSION = YES;
				CLANG_WARN_OBJC_IMPLICIT_RETAIN_SELF = YES;
				CLANG_WARN_OBJC_LITERAL_CONVERSION = YES;
				CLANG_WARN_OBJC_ROOT_CLASS = YES_ERROR;
				CLANG_WARN_QUOTED_INCLUDE_IN_FRAMEWORK_HEADER = YES;
				CLANG_WARN_RANGE_LOOP_ANALYSIS = YES;
				CLANG_WARN_STRICT_PROTOTYPES = YES;
				CLANG_WARN_SUSPICIOUS_MOVE = YES;
				CLANG_WARN_UNGUARDED_AVAILABILITY = YES_AGGRESSIVE;
				CLANG_WARN_UNREACHABLE_CODE = YES;
				CLANG_WARN__DUPLICATE_METHOD_MATCH = YES;
				COPY_PHASE_STRIP = NO;
				DEBUG_INFORMATION_FORMAT = "dwarf-with-dsym";
				ENABLE_NS_ASSERTIONS = NO;
				ENABLE_STRICT_OBJC_MSGSEND = YES;
				GCC_C_LANGUAGE_STANDARD = gnu11;
				GCC_NO_COMMON_BLOCKS = YES;
				GCC_WARN_64_TO_32_BIT_CONVERSION = YES;
				GCC_WARN_ABOUT_RETURN_TYPE = YES_ERROR;
				GCC_WARN_UNDECLARED_SELECTOR = YES;
				GCC_WARN_UNINITIALIZED_AUTOS = YES_AGGRESSIVE;
				GCC_WARN_UNUSED_FUNCTION = YES;
				GCC_WARN_UNUSED_VARIABLE = YES;
				IPHONEOS_DEPLOYMENT_TARGET = 14.2;
				MTL_ENABLE_DEBUG_INFO = NO;
				MTL_FAST_MATH = YES;
				SDKROOT = iphoneos;
				SWIFT_COMPILATION_MODE = wholemodule;
				SWIFT_OPTIMIZATION_LEVEL = "-O";
				VALIDATE_PRODUCT = YES;
			};
			name = Release;
		};
		C8591E962597737B00B9A841 /* Debug */ = {
			isa = XCBuildConfiguration;
			buildSettings = {
				ASSETCATALOG_COMPILER_APPICON_NAME = AppIcon;
				ASSETCATALOG_COMPILER_GLOBAL_ACCENT_COLOR_NAME = AccentColor;
				CODE_SIGN_STYLE = Automatic;
				INFOPLIST_FILE = Todoey/Info.plist;
				LD_RUNPATH_SEARCH_PATHS = (
					"$(inherited)",
					"@executable_path/Frameworks",
				);
				PRODUCT_BUNDLE_IDENTIFIER = Vyacheslav.Todoey;
				PRODUCT_NAME = "$(TARGET_NAME)";
				SWIFT_VERSION = 5.0;
				TARGETED_DEVICE_FAMILY = "1,2";
			};
			name = Debug;
		};
		C8591E972597737B00B9A841 /* Release */ = {
			isa = XCBuildConfiguration;
			buildSettings = {
				ASSETCATALOG_COMPILER_APPICON_NAME = AppIcon;
				ASSETCATALOG_COMPILER_GLOBAL_ACCENT_COLOR_NAME = AccentColor;
				CODE_SIGN_STYLE = Automatic;
				INFOPLIST_FILE = Todoey/Info.plist;
				LD_RUNPATH_SEARCH_PATHS = (
					"$(inherited)",
					"@executable_path/Frameworks",
				);
				PRODUCT_BUNDLE_IDENTIFIER = Vyacheslav.Todoey;
				PRODUCT_NAME = "$(TARGET_NAME)";
				SWIFT_VERSION = 5.0;
				TARGETED_DEVICE_FAMILY = "1,2";
			};
			name = Release;
		};
/* End XCBuildConfiguration section */

/* Begin XCConfigurationList section */
		C8591E792597737800B9A841 /* Build configuration list for PBXProject "Todoey" */ = {
			isa = XCConfigurationList;
			buildConfigurations = (
				C8591E932597737B00B9A841 /* Debug */,
				C8591E942597737B00B9A841 /* Release */,
			);
			defaultConfigurationIsVisible = 0;
			defaultConfigurationName = Release;
		};
		C8591E952597737B00B9A841 /* Build configuration list for PBXNativeTarget "Todoey" */ = {
			isa = XCConfigurationList;
			buildConfigurations = (
				C8591E962597737B00B9A841 /* Debug */,
				C8591E972597737B00B9A841 /* Release */,
			);
			defaultConfigurationIsVisible = 0;
			defaultConfigurationName = Release;
		};
/* End XCConfigurationList section */

/* Begin XCVersionGroup section */
		C8591E8A2597737800B9A841 /* Todoey.xcdatamodeld */ = {
			isa = XCVersionGroup;
			children = (
				C8591E8B2597737800B9A841 /* Todoey.xcdatamodel */,
			);
			currentVersion = C8591E8B2597737800B9A841 /* Todoey.xcdatamodel */;
			path = Todoey.xcdatamodeld;
			sourceTree = "<group>";
			versionGroupType = wrapper.xcdatamodel;
		};
		C8CFDADA2598C95C000C3C5E /* DataModel.xcdatamodeld */ = {
			isa = XCVersionGroup;
			children = (
				C8CFDADB2598C95C000C3C5E /* DataModel.xcdatamodel */,
			);
			currentVersion = C8CFDADB2598C95C000C3C5E /* DataModel.xcdatamodel */;
			path = DataModel.xcdatamodeld;
			sourceTree = "<group>";
			versionGroupType = wrapper.xcdatamodel;
		};
/* End XCVersionGroup section */
	};
	rootObject = C8591E762597737800B9A841 /* Project object */;
}
